{
  "lockfileVersion": 1,
  "workspaces": {
    "": {
      "name": "@keyshade/schema",
      "dependencies": {
        "zod": "^3.23.6",
      },
    },
  },
  "packages": {
    "zod": ["zod@3.25.76", "", {}, "sha512-gzUt/qt81nXsFGKIFcC3YnfEAx5NkunCfnDlvuBSSFS02bcXu4Lmea0AFIUwbLWxWPx3d9p8S5QoaujKcNQxcQ=="],
  }
}
